# Generated production dependency inventory for desktop.
desktop	androidx.annotation:annotation-jvm:1.9.1
desktop	androidx.arch.core:core-common:2.2.0
desktop	androidx.collection:collection-jvm:1.5.0
desktop	androidx.compose.runtime:runtime-annotation-jvm:1.11.2
desktop	androidx.compose.runtime:runtime-desktop:1.11.2
desktop	androidx.compose.runtime:runtime-retain-desktop:1.11.2
desktop	androidx.compose.runtime:runtime-saveable-desktop:1.11.2
desktop	androidx.lifecycle:lifecycle-common-jvm:2.11.0
desktop	androidx.lifecycle:lifecycle-runtime-compose-desktop:2.11.0
desktop	androidx.lifecycle:lifecycle-runtime-desktop:2.11.0
desktop	androidx.lifecycle:lifecycle-viewmodel-compose-desktop:2.11.0
desktop	androidx.lifecycle:lifecycle-viewmodel-desktop:2.11.0
desktop	androidx.lifecycle:lifecycle-viewmodel-navigation3-desktop:2.11.0
desktop	androidx.lifecycle:lifecycle-viewmodel-savedstate-desktop:2.11.0
desktop	androidx.navigation3:navigation3-runtime-desktop:1.1.4
desktop	androidx.navigationevent:navigationevent-desktop:1.1.2
desktop	androidx.room:room-common-jvm:2.8.4
desktop	androidx.room:room-runtime-jvm:2.8.4
desktop	androidx.savedstate:savedstate-compose-desktop:1.4.0
desktop	androidx.savedstate:savedstate-desktop:1.4.0
desktop	androidx.sqlite:sqlite-bundled-jvm:2.6.2
desktop	androidx.sqlite:sqlite-jvm:2.6.2
desktop	co.touchlab:stately-concurrency-jvm:2.1.0
desktop	co.touchlab:stately-concurrent-collections-jvm:2.1.0
desktop	co.touchlab:stately-strict-jvm:2.1.0
desktop	com.google.zxing:core:3.5.4
desktop	com.goterl:resource-loader:2.0.2
desktop	com.ionspin.kotlin:multiplatform-crypto-libsodium-bindings-jvm:0.9.5
desktop	com.squareup.okio:okio-jvm:3.18.1
desktop	io.insert-koin:koin-compose-jvm:4.2.2
desktop	io.insert-koin:koin-compose-viewmodel-jvm:4.2.2
desktop	io.insert-koin:koin-core-jvm:4.2.2
desktop	io.insert-koin:koin-core-viewmodel-jvm:4.2.2
desktop	net.java.dev.jna:jna:5.19.1
desktop	org.jetbrains.androidx.lifecycle:lifecycle-common-jvm:2.11.0
desktop	org.jetbrains.androidx.lifecycle:lifecycle-runtime-compose-desktop:2.11.0
desktop	org.jetbrains.androidx.lifecycle:lifecycle-runtime-desktop:2.11.0
desktop	org.jetbrains.androidx.lifecycle:lifecycle-viewmodel-compose-desktop:2.11.0
desktop	org.jetbrains.androidx.lifecycle:lifecycle-viewmodel-desktop:2.11.0
desktop	org.jetbrains.androidx.lifecycle:lifecycle-viewmodel-navigation3-desktop:2.11.0
desktop	org.jetbrains.androidx.lifecycle:lifecycle-viewmodel-savedstate-desktop:2.11.0
desktop	org.jetbrains.androidx.navigation3:navigation3-ui-desktop:1.1.1
desktop	org.jetbrains.androidx.navigationevent:navigationevent-compose-desktop:1.0.1
desktop	org.jetbrains.androidx.savedstate:savedstate-compose-desktop:1.4.0
desktop	org.jetbrains.compose.animation:animation-core-desktop:1.11.1
desktop	org.jetbrains.compose.animation:animation-desktop:1.11.1
desktop	org.jetbrains.compose.components:components-resources-desktop:1.11.1
desktop	org.jetbrains.compose.desktop:desktop-jvm:1.11.1
desktop	org.jetbrains.compose.foundation:foundation-desktop:1.11.1
desktop	org.jetbrains.compose.foundation:foundation-layout-desktop:1.11.1
desktop	org.jetbrains.compose.material3:material3-desktop:1.9.0
desktop	org.jetbrains.compose.material:material-desktop:1.11.1
desktop	org.jetbrains.compose.material:material-icons-core-desktop:1.7.3
desktop	org.jetbrains.compose.material:material-icons-extended-desktop:1.7.3
desktop	org.jetbrains.compose.material:material-ripple-desktop:1.11.1
desktop	org.jetbrains.compose.runtime:runtime-desktop:1.11.1
desktop	org.jetbrains.compose.runtime:runtime-saveable-desktop:1.11.1
desktop	org.jetbrains.compose.ui:ui-backhandler-desktop:1.11.1
desktop	org.jetbrains.compose.ui:ui-desktop:1.11.1
desktop	org.jetbrains.compose.ui:ui-geometry-desktop:1.11.1
desktop	org.jetbrains.compose.ui:ui-graphics-desktop:1.11.1
desktop	org.jetbrains.compose.ui:ui-text-desktop:1.11.1
desktop	org.jetbrains.compose.ui:ui-tooling-preview-desktop:1.11.1
desktop	org.jetbrains.compose.ui:ui-unit-desktop:1.11.1
desktop	org.jetbrains.compose.ui:ui-util-desktop:1.11.1
desktop	org.jetbrains.kotlin:kotlin-stdlib-jdk7:1.9.23
desktop	org.jetbrains.kotlin:kotlin-stdlib-jdk8:1.9.23
desktop	org.jetbrains.kotlin:kotlin-stdlib:2.4.10
desktop	org.jetbrains.kotlinx:atomicfu-jvm:0.28.0
desktop	org.jetbrains.kotlinx:kotlinx-coroutines-core-jvm:1.11.0
desktop	org.jetbrains.kotlinx:kotlinx-coroutines-swing:1.11.0
desktop	org.jetbrains.kotlinx:kotlinx-datetime-jvm:0.7.1
desktop	org.jetbrains.kotlinx:kotlinx-serialization-core-jvm:1.11.0
desktop	org.jetbrains.kotlinx:kotlinx-serialization-json-jvm:1.11.0
desktop	org.jetbrains.runtime:jbr-api:1.9.0
desktop	org.jetbrains.skiko:skiko-awt-runtime-current-os:0.144.6
desktop	org.jetbrains.skiko:skiko-awt:0.144.6
desktop	org.jetbrains:annotations:23.0.0
desktop	org.jspecify:jspecify:1.0.0
desktop	org.slf4j:slf4j-api:2.0.0-alpha1
