# Generated by ./gradlew generateThirdPartyDependencyInventory.
# Review dependency, license, and notice changes before replacing this file.
# Format: <scope><TAB><group>:<artifact>:<version>
android	androidx.activity:activity-compose:1.13.0
android	androidx.activity:activity-ktx:1.13.0
android	androidx.activity:activity:1.13.0
android	androidx.annotation:annotation-experimental:1.5.0
android	androidx.annotation:annotation-jvm:1.10.0
android	androidx.appcompat:appcompat-resources:1.7.1
android	androidx.appcompat:appcompat:1.7.1
android	androidx.arch.core:core-common:2.2.0
android	androidx.arch.core:core-runtime:2.2.0
android	androidx.autofill:autofill:1.0.0
android	androidx.biometric:biometric:1.1.0
android	androidx.camera.featurecombinationquery:featurecombinationquery:1.6.1
android	androidx.camera.viewfinder:viewfinder-core:1.5.1
android	androidx.camera:camera-camera2-pipe:1.6.1
android	androidx.camera:camera-camera2:1.6.1
android	androidx.camera:camera-core:1.6.1
android	androidx.camera:camera-lifecycle:1.6.1
android	androidx.camera:camera-video:1.6.1
android	androidx.camera:camera-view:1.6.1
android	androidx.cardview:cardview:1.0.0
android	androidx.collection:collection-jvm:1.5.0
android	androidx.collection:collection-ktx:1.5.0
android	androidx.compose.animation:animation-android:1.11.2
android	androidx.compose.animation:animation-core-android:1.11.2
android	androidx.compose.foundation:foundation-android:1.11.2
android	androidx.compose.foundation:foundation-layout-android:1.11.2
android	androidx.compose.material3:material3-android:1.4.0
android	androidx.compose.material:material-icons-core-android:1.7.6
android	androidx.compose.material:material-icons-extended-android:1.7.6
android	androidx.compose.material:material-ripple-android:1.9.3
android	androidx.compose.runtime:runtime-android:1.11.2
android	androidx.compose.runtime:runtime-annotation-android:1.11.2
android	androidx.compose.runtime:runtime-retain-android:1.11.2
android	androidx.compose.runtime:runtime-saveable-android:1.11.2
android	androidx.compose.ui:ui-android:1.11.2
android	androidx.compose.ui:ui-geometry-android:1.11.2
android	androidx.compose.ui:ui-graphics-android:1.11.2
android	androidx.compose.ui:ui-text-android:1.11.2
android	androidx.compose.ui:ui-unit-android:1.11.2
android	androidx.compose.ui:ui-util-android:1.11.2
android	androidx.concurrent:concurrent-futures-ktx:1.1.0
android	androidx.concurrent:concurrent-futures:1.1.0
android	androidx.constraintlayout:constraintlayout-core:1.1.1
android	androidx.constraintlayout:constraintlayout:2.2.1
android	androidx.coordinatorlayout:coordinatorlayout:1.1.0
android	androidx.core:core-backported-fixes:1.0.0
android	androidx.core:core-ktx:1.19.0
android	androidx.core:core-splashscreen:1.2.0
android	androidx.core:core-viewtree:1.0.0
android	androidx.core:core:1.19.0
android	androidx.cursoradapter:cursoradapter:1.0.0
android	androidx.customview:customview-poolingcontainer:1.0.0
android	androidx.customview:customview:1.2.0
android	androidx.drawerlayout:drawerlayout:1.1.1
android	androidx.dynamicanimation:dynamicanimation:1.1.0
android	androidx.emoji2:emoji2-views-helper:1.4.0
android	androidx.emoji2:emoji2:1.4.0
android	androidx.exifinterface:exifinterface:1.4.2
android	androidx.fragment:fragment-ktx:1.8.9
android	androidx.fragment:fragment:1.8.9
android	androidx.graphics:graphics-path:1.0.1
android	androidx.graphics:graphics-shapes-android:1.0.1
android	androidx.interpolator:interpolator:1.0.0
android	androidx.lifecycle:lifecycle-common-java8:2.11.0
android	androidx.lifecycle:lifecycle-common-jvm:2.11.0
android	androidx.lifecycle:lifecycle-livedata-core-ktx:2.11.0
android	androidx.lifecycle:lifecycle-livedata-core:2.11.0
android	androidx.lifecycle:lifecycle-livedata:2.11.0
android	androidx.lifecycle:lifecycle-process:2.11.0
android	androidx.lifecycle:lifecycle-runtime-android:2.11.0
android	androidx.lifecycle:lifecycle-runtime-compose-android:2.11.0
android	androidx.lifecycle:lifecycle-runtime-ktx-android:2.11.0
android	androidx.lifecycle:lifecycle-viewmodel-android:2.11.0
android	androidx.lifecycle:lifecycle-viewmodel-compose-android:2.11.0
android	androidx.lifecycle:lifecycle-viewmodel-ktx:2.11.0
android	androidx.lifecycle:lifecycle-viewmodel-navigation3-android:2.11.0
android	androidx.lifecycle:lifecycle-viewmodel-savedstate-android:2.11.0
android	androidx.lifecycle:lifecycle-viewmodel:2.11.0
android	androidx.loader:loader:1.0.0
android	androidx.media3:media3-common:1.9.0
android	androidx.media3:media3-container:1.9.0
android	androidx.media3:media3-muxer:1.9.0
android	androidx.navigation3:navigation3-runtime-android:1.1.4
android	androidx.navigation3:navigation3-ui-android:1.1.4
android	androidx.navigationevent:navigationevent-android:1.1.2
android	androidx.navigationevent:navigationevent-compose-android:1.1.2
android	androidx.profileinstaller:profileinstaller:1.4.0
android	androidx.recyclerview:recyclerview:1.2.1
android	androidx.resourceinspection:resourceinspection-annotation:1.0.1
android	androidx.room:room-common-jvm:2.8.4
android	androidx.room:room-runtime-android:2.8.4
android	androidx.savedstate:savedstate-android:1.4.0
android	androidx.savedstate:savedstate-compose-android:1.4.0
android	androidx.savedstate:savedstate-ktx:1.4.0
android	androidx.sqlite:sqlite-android:2.6.2
android	androidx.sqlite:sqlite-bundled-android:2.6.2
android	androidx.sqlite:sqlite-framework-android:2.6.2
android	androidx.startup:startup-runtime:1.1.1
android	androidx.tracing:tracing-android:1.3.0
android	androidx.tracing:tracing-ktx:1.3.0
android	androidx.transition:transition:1.6.0
android	androidx.vectordrawable:vectordrawable-animated:1.1.0
android	androidx.vectordrawable:vectordrawable:1.1.0
android	androidx.versionedparcelable:versionedparcelable:1.1.1
android	androidx.viewpager2:viewpager2:1.0.0
android	androidx.viewpager:viewpager:1.0.0
android	androidx.window:window-core-android:1.5.0
android	androidx.window:window:1.5.0
android	co.touchlab:stately-concurrency-jvm:2.1.0
android	co.touchlab:stately-concurrent-collections-jvm:2.1.0
android	co.touchlab:stately-strict-jvm:2.1.0
android	com.google.android.material:material:1.14.0
android	com.google.auto.value:auto-value-annotations:1.6.3
android	com.google.code.findbugs:jsr305:3.0.2
android	com.google.dagger:dagger:2.59
android	com.google.errorprone:error_prone_annotations:2.28.0
android	com.google.guava:failureaccess:1.0.2
android	com.google.guava:guava:33.3.1-android
android	com.google.guava:listenablefuture:9999.0-empty-to-avoid-conflict-with-guava
android	com.google.j2objc:j2objc-annotations:3.0.0
android	com.google.zxing:core:3.5.4
android	com.goterl:resource-loader:2.0.2
android	com.ionspin.kotlin:multiplatform-crypto-libsodium-bindings-android:0.9.5
android	com.squareup.okio:okio-jvm:3.17.0
android	io.insert-koin:koin-android:4.2.2
android	io.insert-koin:koin-compose-android:4.2.2
android	io.insert-koin:koin-compose-viewmodel-android:4.2.2
android	io.insert-koin:koin-core-jvm:4.2.2
android	io.insert-koin:koin-core-viewmodel-android:4.2.2
android	jakarta.inject:jakarta.inject-api:2.0.1
android	javax.inject:javax.inject:1
android	net.java.dev.jna:jna:5.18.1
android	org.checkerframework:checker-qual:3.43.0
android	org.jetbrains.androidx.lifecycle:lifecycle-common-jvm:2.11.0
android	org.jetbrains.androidx.lifecycle:lifecycle-runtime-android:2.11.0
android	org.jetbrains.androidx.lifecycle:lifecycle-runtime-compose-android:2.11.0
android	org.jetbrains.androidx.lifecycle:lifecycle-viewmodel-android:2.11.0
android	org.jetbrains.androidx.lifecycle:lifecycle-viewmodel-compose-android:2.11.0
android	org.jetbrains.androidx.lifecycle:lifecycle-viewmodel-navigation3-android:2.11.0
android	org.jetbrains.androidx.lifecycle:lifecycle-viewmodel-savedstate-android:2.11.0
android	org.jetbrains.compose.components:components-resources-android:1.11.1
android	org.jetbrains.compose.ui:ui-backhandler-android:1.9.1
android	org.jetbrains.kotlin:kotlin-stdlib:2.4.10
android	org.jetbrains.kotlinx:atomicfu-jvm:0.28.0
android	org.jetbrains.kotlinx:kotlinx-coroutines-android:1.11.0
android	org.jetbrains.kotlinx:kotlinx-coroutines-core-jvm:1.11.0
android	org.jetbrains.kotlinx:kotlinx-serialization-core-jvm:1.11.0
android	org.jetbrains.kotlinx:kotlinx-serialization-json-jvm:1.11.0
android	org.jetbrains:annotations:23.0.0
android	org.jspecify:jspecify:1.0.0
android	org.slf4j:slf4j-api:2.0.0-alpha1
desktop	androidx.annotation:annotation-jvm:1.9.1
desktop	androidx.arch.core:core-common:2.2.0
desktop	androidx.collection:collection-jvm:1.5.0
desktop	androidx.compose.runtime:runtime-annotation-jvm:1.11.2
desktop	androidx.compose.runtime:runtime-desktop:1.11.2
desktop	androidx.compose.runtime:runtime-retain-desktop:1.11.2
desktop	androidx.compose.runtime:runtime-saveable-desktop:1.11.2
desktop	androidx.lifecycle:lifecycle-common-jvm:2.11.0
desktop	androidx.lifecycle:lifecycle-runtime-compose-desktop:2.11.0
desktop	androidx.lifecycle:lifecycle-runtime-desktop:2.11.0
desktop	androidx.lifecycle:lifecycle-viewmodel-compose-desktop:2.11.0
desktop	androidx.lifecycle:lifecycle-viewmodel-desktop:2.11.0
desktop	androidx.lifecycle:lifecycle-viewmodel-navigation3-desktop:2.11.0
desktop	androidx.lifecycle:lifecycle-viewmodel-savedstate-desktop:2.11.0
desktop	androidx.navigation3:navigation3-runtime-desktop:1.1.4
desktop	androidx.navigationevent:navigationevent-desktop:1.1.2
desktop	androidx.room:room-common-jvm:2.8.4
desktop	androidx.room:room-runtime-jvm:2.8.4
desktop	androidx.savedstate:savedstate-compose-desktop:1.4.0
desktop	androidx.savedstate:savedstate-desktop:1.4.0
desktop	androidx.sqlite:sqlite-bundled-jvm:2.6.2
desktop	androidx.sqlite:sqlite-jvm:2.6.2
desktop	co.touchlab:stately-concurrency-jvm:2.1.0
desktop	co.touchlab:stately-concurrent-collections-jvm:2.1.0
desktop	co.touchlab:stately-strict-jvm:2.1.0
desktop	com.google.zxing:core:3.5.4
desktop	com.goterl:resource-loader:2.0.2
desktop	com.ionspin.kotlin:multiplatform-crypto-libsodium-bindings-jvm:0.9.5
desktop	com.squareup.okio:okio-jvm:3.17.0
desktop	io.insert-koin:koin-compose-jvm:4.2.2
desktop	io.insert-koin:koin-compose-viewmodel-jvm:4.2.2
desktop	io.insert-koin:koin-core-jvm:4.2.2
desktop	io.insert-koin:koin-core-viewmodel-jvm:4.2.2
desktop	net.java.dev.jna:jna:5.18.1
desktop	org.jetbrains.androidx.lifecycle:lifecycle-common-jvm:2.11.0
desktop	org.jetbrains.androidx.lifecycle:lifecycle-runtime-compose-desktop:2.11.0
desktop	org.jetbrains.androidx.lifecycle:lifecycle-runtime-desktop:2.11.0
desktop	org.jetbrains.androidx.lifecycle:lifecycle-viewmodel-compose-desktop:2.11.0
desktop	org.jetbrains.androidx.lifecycle:lifecycle-viewmodel-desktop:2.11.0
desktop	org.jetbrains.androidx.lifecycle:lifecycle-viewmodel-navigation3-desktop:2.11.0
desktop	org.jetbrains.androidx.lifecycle:lifecycle-viewmodel-savedstate-desktop:2.11.0
desktop	org.jetbrains.androidx.navigation3:navigation3-ui-desktop:1.1.1
desktop	org.jetbrains.androidx.navigationevent:navigationevent-compose-desktop:1.0.1
desktop	org.jetbrains.androidx.savedstate:savedstate-compose-desktop:1.4.0
desktop	org.jetbrains.compose.animation:animation-core-desktop:1.11.1
desktop	org.jetbrains.compose.animation:animation-desktop:1.11.1
desktop	org.jetbrains.compose.components:components-resources-desktop:1.11.1
desktop	org.jetbrains.compose.desktop:desktop-jvm:1.11.1
desktop	org.jetbrains.compose.foundation:foundation-desktop:1.11.1
desktop	org.jetbrains.compose.foundation:foundation-layout-desktop:1.11.1
desktop	org.jetbrains.compose.material3:material3-desktop:1.9.0
desktop	org.jetbrains.compose.material:material-desktop:1.11.1
desktop	org.jetbrains.compose.material:material-icons-core-desktop:1.7.3
desktop	org.jetbrains.compose.material:material-icons-extended-desktop:1.7.3
desktop	org.jetbrains.compose.material:material-ripple-desktop:1.11.1
desktop	org.jetbrains.compose.runtime:runtime-desktop:1.11.1
desktop	org.jetbrains.compose.runtime:runtime-saveable-desktop:1.11.1
desktop	org.jetbrains.compose.ui:ui-backhandler-desktop:1.11.1
desktop	org.jetbrains.compose.ui:ui-desktop:1.11.1
desktop	org.jetbrains.compose.ui:ui-geometry-desktop:1.11.1
desktop	org.jetbrains.compose.ui:ui-graphics-desktop:1.11.1
desktop	org.jetbrains.compose.ui:ui-text-desktop:1.11.1
desktop	org.jetbrains.compose.ui:ui-tooling-preview-desktop:1.11.1
desktop	org.jetbrains.compose.ui:ui-unit-desktop:1.11.1
desktop	org.jetbrains.compose.ui:ui-util-desktop:1.11.1
desktop	org.jetbrains.kotlin:kotlin-stdlib-jdk7:1.9.23
desktop	org.jetbrains.kotlin:kotlin-stdlib-jdk8:1.9.23
desktop	org.jetbrains.kotlin:kotlin-stdlib:2.4.10
desktop	org.jetbrains.kotlinx:atomicfu-jvm:0.28.0
desktop	org.jetbrains.kotlinx:kotlinx-coroutines-core-jvm:1.11.0
desktop	org.jetbrains.kotlinx:kotlinx-coroutines-swing:1.11.0
desktop	org.jetbrains.kotlinx:kotlinx-datetime-jvm:0.7.1
desktop	org.jetbrains.kotlinx:kotlinx-serialization-core-jvm:1.11.0
desktop	org.jetbrains.kotlinx:kotlinx-serialization-json-jvm:1.11.0
desktop	org.jetbrains.runtime:jbr-api:1.9.0
desktop	org.jetbrains.skiko:skiko-awt-runtime-current-os:0.144.6
desktop	org.jetbrains.skiko:skiko-awt:0.144.6
desktop	org.jetbrains:annotations:23.0.0
desktop	org.jspecify:jspecify:1.0.0
desktop	org.slf4j:slf4j-api:2.0.0-alpha1
iosArm64	androidx.annotation:annotation-iosarm64:1.9.1
iosArm64	androidx.collection:collection-iosarm64:1.5.0
iosArm64	androidx.compose.runtime:runtime-annotation-iosarm64:1.11.2
iosArm64	androidx.compose.runtime:runtime-iosarm64:1.11.2
iosArm64	androidx.compose.runtime:runtime-retain-iosarm64:1.11.2
iosArm64	androidx.compose.runtime:runtime-saveable-iosarm64:1.11.2
iosArm64	androidx.lifecycle:lifecycle-common-iosarm64:2.11.0
iosArm64	androidx.lifecycle:lifecycle-runtime-compose-iosarm64:2.11.0
iosArm64	androidx.lifecycle:lifecycle-runtime-iosarm64:2.11.0
iosArm64	androidx.lifecycle:lifecycle-viewmodel-compose-iosarm64:2.11.0
iosArm64	androidx.lifecycle:lifecycle-viewmodel-iosarm64:2.11.0
iosArm64	androidx.lifecycle:lifecycle-viewmodel-navigation3-iosarm64:2.11.0
iosArm64	androidx.lifecycle:lifecycle-viewmodel-savedstate-iosarm64:2.11.0
iosArm64	androidx.navigation3:navigation3-runtime-iosarm64:1.1.4
iosArm64	androidx.navigationevent:navigationevent-iosarm64:1.1.2
iosArm64	androidx.room:room-common-iosarm64:2.8.4
iosArm64	androidx.room:room-runtime-iosarm64:2.8.4
iosArm64	androidx.savedstate:savedstate-compose-iosarm64:1.4.0
iosArm64	androidx.savedstate:savedstate-iosarm64:1.4.0
iosArm64	androidx.sqlite:sqlite-bundled-iosarm64:2.6.2
iosArm64	androidx.sqlite:sqlite-framework-iosarm64:2.6.2
iosArm64	androidx.sqlite:sqlite-iosarm64:2.6.2
iosArm64	co.touchlab:stately-concurrency-iosarm64:2.1.0
iosArm64	co.touchlab:stately-concurrent-collections-iosarm64:2.1.0
iosArm64	co.touchlab:stately-strict-iosarm64:2.1.0
iosArm64	com.ionspin.kotlin:multiplatform-crypto-libsodium-bindings-iosarm64:0.9.5
iosArm64	com.squareup.okio:okio-iosarm64:3.17.0
iosArm64	io.insert-koin:koin-compose-iosarm64:4.2.2
iosArm64	io.insert-koin:koin-compose-viewmodel-iosarm64:4.2.2
iosArm64	io.insert-koin:koin-core-iosarm64:4.2.2
iosArm64	io.insert-koin:koin-core-viewmodel-iosarm64:4.2.2
iosArm64	org.jetbrains.androidx.lifecycle:lifecycle-common-iosarm64:2.11.0
iosArm64	org.jetbrains.androidx.lifecycle:lifecycle-runtime-compose-iosarm64:2.11.0
iosArm64	org.jetbrains.androidx.lifecycle:lifecycle-runtime-iosarm64:2.11.0
iosArm64	org.jetbrains.androidx.lifecycle:lifecycle-viewmodel-compose-iosarm64:2.11.0
iosArm64	org.jetbrains.androidx.lifecycle:lifecycle-viewmodel-iosarm64:2.11.0
iosArm64	org.jetbrains.androidx.lifecycle:lifecycle-viewmodel-navigation3-iosarm64:2.11.0
iosArm64	org.jetbrains.androidx.lifecycle:lifecycle-viewmodel-savedstate-iosarm64:2.11.0
iosArm64	org.jetbrains.androidx.navigation3:navigation3-ui-iosarm64:1.1.1
iosArm64	org.jetbrains.androidx.navigationevent:navigationevent-compose-uikitarm64:1.0.1
iosArm64	org.jetbrains.androidx.savedstate:savedstate-compose-uikitarm64:1.4.0
iosArm64	org.jetbrains.compose.animation:animation-core-iosarm64:1.11.1
iosArm64	org.jetbrains.compose.animation:animation-iosarm64:1.11.1
iosArm64	org.jetbrains.compose.components:components-resources-iosArm64:1.11.1
iosArm64	org.jetbrains.compose.foundation:foundation-iosarm64:1.11.1
iosArm64	org.jetbrains.compose.foundation:foundation-layout-iosarm64:1.11.1
iosArm64	org.jetbrains.compose.material3:material3-uikitarm64:1.9.0
iosArm64	org.jetbrains.compose.material:material-icons-core-uikitarm64:1.7.3
iosArm64	org.jetbrains.compose.material:material-icons-extended-uikitarm64:1.7.3
iosArm64	org.jetbrains.compose.material:material-ripple-uikitarm64:1.9.1
iosArm64	org.jetbrains.compose.runtime:runtime-iosarm64:1.11.1
iosArm64	org.jetbrains.compose.runtime:runtime-saveable-iosarm64:1.11.1
iosArm64	org.jetbrains.compose.ui:ui-backhandler-iosarm64:1.11.1
iosArm64	org.jetbrains.compose.ui:ui-geometry-iosarm64:1.11.1
iosArm64	org.jetbrains.compose.ui:ui-graphics-iosarm64:1.11.1
iosArm64	org.jetbrains.compose.ui:ui-iosarm64:1.11.1
iosArm64	org.jetbrains.compose.ui:ui-text-iosarm64:1.11.1
iosArm64	org.jetbrains.compose.ui:ui-uikit-iosarm64:1.11.1
iosArm64	org.jetbrains.compose.ui:ui-unit-iosarm64:1.11.1
iosArm64	org.jetbrains.compose.ui:ui-util-iosarm64:1.11.1
iosArm64	org.jetbrains.kotlinx:atomicfu-iosarm64:0.32.1
iosArm64	org.jetbrains.kotlinx:kotlinx-coroutines-core-iosarm64:1.11.0
iosArm64	org.jetbrains.kotlinx:kotlinx-datetime-iosarm64:0.7.1
iosArm64	org.jetbrains.kotlinx:kotlinx-serialization-core-iosarm64:1.11.0
iosArm64	org.jetbrains.kotlinx:kotlinx-serialization-json-iosarm64:1.11.0
iosArm64	org.jetbrains.skiko:skiko-iosarm64:0.144.6
